// !$*UTF8*$!
{
	archiveVersion = 1;
	classes = {
	};
	objectVersion = 50;
	objects = {

/* Begin PBXBuildFile section */
		751D6E9C212A249200065AAC /* AppDelegate.swift in Sources */ = {isa = PBXBuildFile; fileRef = 751D6E9B212A249200065AAC /* AppDelegate.swift */; };
		751D6E9E212A249200065AAC /* ViewController.swift in Sources */ = {isa = PBXBuildFile; fileRef = 751D6E9D212A249200065AAC /* ViewController.swift */; };
		751D6EA1212A249200065AAC /* Main.storyboard in Resources */ = {isa = PBXBuildFile; fileRef = 751D6E9F212A249200065AAC /* Main.storyboard */; };
		751D6EA3212A249300065AAC /* Assets.xcassets in Resources */ = {isa = PBXBuildFile; fileRef = 751D6EA2212A249300065AAC /* Assets.xcassets */; };
		751D6EA6212A249300065AAC /* LaunchScreen.storyboard in Resources */ = {isa = PBXBuildFile; fileRef = 751D6EA4212A249300065AAC /* LaunchScreen.storyboard */; };
		751D6EAE212A32F500065AAC /* PasswordViewController.swift in Sources */ = {isa = PBXBuildFile; fileRef = 751D6EAD212A32F500065AAC /* PasswordViewController.swift */; };
		751D6EB0212A345200065AAC /* SecurityTipsViewController.swift in Sources */ = {isa = PBXBuildFile; fileRef = 751D6EAF212A345200065AAC /* SecurityTipsViewController.swift */; };
		751D6EB2212A34CB00065AAC /* PasswordGenegator.swift in Sources */ = {isa = PBXBuildFile; fileRef = 751D6EB1212A34CB00065AAC /* PasswordGenegator.swift */; };
/* End PBXBuildFile section */

/* Begin PBXFileReference section */
		751D6E98212A249200065AAC /* SuperSenha.app */ = {isa = PBXFileReference; explicitFileType = wrapper.application; includeInIndex = 0; path = SuperSenha.app; sourceTree = BUILT_PRODUCTS_DIR; };
		751D6E9B212A249200065AAC /* AppDelegate.swift */ = {isa = PBXFileReference; lastKnownFileType = sourcecode.swift; path = AppDelegate.swift; sourceTree = "<group>"; };
		751D6E9D212A249200065AAC /* ViewController.swift */ = {isa = PBXFileReference; lastKnownFileType = sourcecode.swift; path = ViewController.swift; sourceTree = "<group>"; };
		751D6EA0212A249200065AAC /* Base */ = {isa = PBXFileReference; lastKnownFileType = file.storyboard; name = Base; path = Base.lproj/Main.storyboard; sourceTree = "<group>"; };
		751D6EA2212A249300065AAC /* Assets.xcassets */ = {isa = PBXFileReference; lastKnownFileType = folder.assetcatalog; path = Assets.xcassets; sourceTree = "<group>"; };
		751D6EA5212A249300065AAC /* Base */ = {isa = PBXFileReference; lastKnownFileType = file.storyboard; name = Base; path = Base.lproj/LaunchScreen.storyboard; sourceTree = "<group>"; };
		751D6EA7212A249300065AAC /* Info.plist */ = {isa = PBXFileReference; lastKnownFileType = text.plist.xml; path = Info.plist; sourceTree = "<group>"; };
		751D6EAD212A32F500065AAC /* PasswordViewController.swift */ = {isa = PBXFileReference; lastKnownFileType = sourcecode.swift; path = PasswordViewController.swift; sourceTree = "<group>"; };
		751D6EAF212A345200065AAC /* SecurityTipsViewController.swift */ = {isa = PBXFileReference; lastKnownFileType = sourcecode.swift; path = SecurityTipsViewController.swift; sourceTree = "<group>"; };
		751D6EB1212A34CB00065AAC /* PasswordGenegator.swift */ = {isa = PBXFileReference; lastKnownFileType = sourcecode.swift; path = PasswordGenegator.swift; sourceTree = "<group>"; };
/* End PBXFileReference section */

/* Begin PBXFrameworksBuildPhase section */
		751D6E95212A249200065AAC /* Frameworks */ = {
			isa = PBXFrameworksBuildPhase;
			buildActionMask = 2147483647;
			files = (
			);
			runOnlyForDeploymentPostprocessing = 0;
		};
/* End PBXFrameworksBuildPhase section */

/* Begin PBXGroup section */
		751D6E8F212A249200065AAC = {
			isa = PBXGroup;
			children = (
				751D6E9A212A249200065AAC /* SuperSenha */,
				751D6E99212A249200065AAC /* Products */,
			);
			sourceTree = "<group>";
		};
		751D6E99212A249200065AAC /* Products */ = {
			isa = PBXGroup;
			children = (
				751D6E98212A249200065AAC /* SuperSenha.app */,
			);
			name = Products;
			sourceTree = "<group>";
		};
		751D6E9A212A249200065AAC /* SuperSenha */ = {
			isa = PBXGroup;
			children = (
				751D6E9B212A249200065AAC /* AppDelegate.swift */,
				751D6E9D212A249200065AAC /* ViewController.swift */,
				751D6E9F212A249200065AAC /* Main.storyboard */,
				751D6EA2212A249300065AAC /* Assets.xcassets */,
				751D6EA4212A249300065AAC /* LaunchScreen.storyboard */,
				751D6EA7212A249300065AAC /* Info.plist */,
				751D6EAD212A32F500065AAC /* PasswordViewController.swift */,
				751D6EAF212A345200065AAC /* SecurityTipsViewController.swift */,
				751D6EB1212A34CB00065AAC /* PasswordGenegator.swift */,
			);
			path = SuperSenha;
			sourceTree = "<group>";
		};
/* End PBXGroup section */

/* Begin PBXNativeTarget section */
		751D6E97212A249200065AAC /* SuperSenha */ = {
			isa = PBXNativeTarget;
			buildConfigurationList = 751D6EAA212A249300065AAC /* Build configuration list for PBXNativeTarget "SuperSenha" */;
			buildPhases = (
				751D6E94212A249200065AAC /* Sources */,
				751D6E95212A249200065AAC /* Frameworks */,
				751D6E96212A249200065AAC /* Resources */,
			);
			buildRules = (
			);
			dependencies = (
			);
			name = SuperSenha;
			productName = SuperSenha;
			productReference = 751D6E98212A249200065AAC /* SuperSenha.app */;
			productType = "com.apple.product-type.application";
		};
/* End PBXNativeTarget section */

/* Begin PBXProject section */
		751D6E90212A249200065AAC /* Project object */ = {
			isa = PBXProject;
			attributes = {
				LastSwiftUpdateCheck = 0940;
				LastUpgradeCheck = 0940;
				ORGANIZATIONNAME = "Luis Ferreira";
				TargetAttributes = {
					751D6E97212A249200065AAC = {
						CreatedOnToolsVersion = 9.4.1;
					};
				};
			};
			buildConfigurationList = 751D6E93212A249200065AAC /* Build configuration list for PBXProject "SuperSenha" */;
			compatibilityVersion = "Xcode 9.3";
			developmentRegion = en;
			hasScannedForEncodings = 0;
			knownRegions = (
				en,
				Base,
			);
			mainGroup = 751D6E8F212A249200065AAC;
			productRefGroup = 751D6E99212A249200065AAC /* Products */;
			projectDirPath = "";
			projectRoot = "";
			targets = (
				751D6E97212A249200065AAC /* SuperSenha */,
			);
		};
/* End PBXProject section */

/* Begin PBXResourcesBuildPhase section */
		751D6E96212A249200065AAC /* Resources */ = {
			isa = PBXResourcesBuildPhase;
			buildActionMask = 2147483647;
			files = (
				751D6EA6212A249300065AAC /* LaunchScreen.storyboard in Resources */,
				751D6EA3212A249300065AAC /* Assets.xcassets in Resources */,
				751D6EA1212A249200065AAC /* Main.storyboard in Resources */,
			);
			runOnlyForDeploymentPostprocessing = 0;
		};
/* End PBXResourcesBuildPhase section */

/* Begin PBXSourcesBuildPhase section */
		751D6E94212A249200065AAC /* Sources */ = {
			isa = PBXSourcesBuildPhase;
			buildActionMask = 2147483647;
			files = (
				751D6EB0212A345200065AAC /* SecurityTipsViewController.swift in Sources */,
				751D6EB2212A34CB00065AAC /* PasswordGenegator.swift in Sources */,
				751D6E9E212A249200065AAC /* ViewController.swift in Sources */,
				751D6E9C212A249200065AAC /* AppDelegate.swift in Sources */,
				751D6EAE212A32F500065AAC /* PasswordViewController.swift in Sources */,
			);
			runOnlyForDeploymentPostprocessing = 0;
		};
/* End PBXSourcesBuildPhase section */

/* Begin PBXVariantGroup section */
		751D6E9F212A249200065AAC /* Main.storyboard */ = {
			isa = PBXVariantGroup;
			children = (
				751D6EA0212A249200065AAC /* Base */,
			);
			name = Main.storyboard;
			sourceTree = "<group>";
		};
		751D6EA4212A249300065AAC /* LaunchScreen.storyboard */ = {
			isa = PBXVariantGroup;
			children = (
				751D6EA5212A249300065AAC /* Base */,
			);
			name = LaunchScreen.storyboard;
			sourceTree = "<group>";
		};
/* End PBXVariantGroup section */

/* Begin XCBuildConfiguration section */
		751D6EA8212A249300065AAC /* Debug */ = {
			isa = XCBuildConfiguration;
			buildSettings = {
				ALWAYS_SEARCH_USER_PATHS = NO;
				CLANG_ANALYZER_NONNULL = YES;
				CLANG_ANALYZER_NUMBER_OBJECT_CONVERSION = YES_AGGRESSIVE;
				CLANG_CXX_LANGUAGE_STANDARD = "gnu++14";
				CLANG_CXX_LIBRARY = "libc++";
				CLANG_ENABLE_MODULES = YES;
				CLANG_ENABLE_OBJC_ARC = YES;
				CLANG_ENABLE_OBJC_WEAK = YES;
				CLANG_WARN_BLOCK_CAPTURE_AUTORELEASING = YES;
				CLANG_WARN_BOOL_CONVERSION = YES;
				CLANG_WARN_COMMA = YES;
				CLANG_WARN_CONSTANT_CONVERSION = YES;
				CLANG_WARN_DEPRECATED_OBJC_IMPLEMENTATIONS = YES;
				CLANG_WARN_DIRECT_OBJC_ISA_USAGE = YES_ERROR;
				CLANG_WARN_DOCUMENTATION_COMMENTS = YES;
				CLANG_WARN_EMPTY_BODY = YES;
				CLANG_WARN_ENUM_CONVERSION = YES;
				CLANG_WARN_INFINITE_RECURSION = YES;
				CLANG_WARN_INT_CONVERSION = YES;
				CLANG_WARN_NON_LITERAL_NULL_CONVERSION = YES;
				CLANG_WARN_OBJC_IMPLICIT_RETAIN_SELF = YES;
				CLANG_WARN_OBJC_LITERAL_CONVERSION = YES;
				CLANG_WARN_OBJC_ROOT_CLASS = YES_ERROR;
				CLANG_WARN_RANGE_LOOP_ANALYSIS = YES;
				CLANG_WARN_STRICT_PROTOTYPES = YES;
				CLANG_WARN_SUSPICIOUS_MOVE = YES;
				CLANG_WARN_UNGUARDED_AVAILABILITY = YES_AGGRESSIVE;
				CLANG_WARN_UNREACHABLE_CODE = YES;
				CLANG_WARN__DUPLICATE_METHOD_MATCH = YES;
				CODE_SIGN_IDENTITY = "iPhone Developer";
				COPY_PHASE_STRIP = NO;
				DEBUG_INFORMATION_FORMAT = dwarf;
				ENABLE_STRICT_OBJC_MSGSEND = YES;
				ENABLE_TESTABILITY = YES;
				GCC_C_LANGUAGE_STANDARD = gnu11;
				GCC_DYNAMIC_NO_PIC = NO;
				GCC_NO_COMMON_BLOCKS = YES;
				GCC_OPTIMIZATION_LEVEL = 0;
				GCC_PREPROCESSOR_DEFINITIONS = (
					"DEBUG=1",
					"$(inherited)",
				);
				GCC_WARN_64_TO_32_BIT_CONVERSION = YES;
				GCC_WARN_ABOUT_RETURN_TYPE = YES_ERROR;
				GCC_WARN_UNDECLARED_SELECTOR = YES;
				GCC_WARN_UNINITIALIZED_AUTOS = YES_AGGRESSIVE;
				GCC_WARN_UNUSED_FUNCTION = YES;
				GCC_WARN_UNUSED_VARIABLE = YES;
				IPHONEOS_DEPLOYMENT_TARGET = 11.4;
				MTL_ENABLE_DEBUG_INFO = YES;
				ONLY_ACTIVE_ARCH = YES;
				SDKROOT = iphoneos;
				SWIFT_ACTIVE_COMPILATION_CONDITIONS = DEBUG;
				SWIFT_OPTIMIZATION_LEVEL = "-Onone";
			};
			name = Debug;
		};
		751D6EA9212A249300065AAC /* Release */ = {
			isa = XCBuildConfiguration;
			buildSettings = {
				ALWAYS_SEARCH_USER_PATHS = NO;
				CLANG_ANALYZER_NONNULL = YES;
				CLANG_ANALYZER_NUMBER_OBJECT_CONVERSION = YES_AGGRESSIVE;
				CLANG_CXX_LANGUAGE_STANDARD = "gnu++14";
				CLANG_CXX_LIBRARY = "libc++";
				CLANG_ENABLE_MODULES = YES;
				CLANG_ENABLE_OBJC_ARC = YES;
				CLANG_ENABLE_OBJC_WEAK = YES;
				CLANG_WARN_BLOCK_CAPTURE_AUTORELEASING = YES;
				CLANG_WARN_BOOL_CONVERSION = YES;
				CLANG_WARN_COMMA = YES;
				CLANG_WARN_CONSTANT_CONVERSION = YES;
				CLANG_WARN_DEPRECATED_OBJC_IMPLEMENTATIONS = YES;
				CLANG_WARN_DIRECT_OBJC_ISA_USAGE = YES_ERROR;
				CLANG_WARN_DOCUMENTATION_COMMENTS = YES;
				CLANG_WARN_EMPTY_BODY = YES;
				CLANG_WARN_ENUM_CONVERSION = YES;
				CLANG_WARN_INFINITE_RECURSION = YES;
				CLANG_WARN_INT_CONVERSION = YES;
				CLANG_WARN_NON_LITERAL_NULL_CONVERSION = YES;
				CLANG_WARN_OBJC_IMPLICIT_RETAIN_SELF = YES;
				CLANG_WARN_OBJC_LITERAL_CONVERSION = YES;
				CLANG_WARN_OBJC_ROOT_CLASS = YES_ERROR;
				CLANG_WARN_RANGE_LOOP_ANALYSIS = YES;
				CLANG_WARN_STRICT_PROTOTYPES = YES;
				CLANG_WARN_SUSPICIOUS_MOVE = YES;
				CLANG_WARN_UNGUARDED_AVAILABILITY = YES_AGGRESSIVE;
				CLANG_WARN_UNREACHABLE_CODE = YES;
				CLANG_WARN__DUPLICATE_METHOD_MATCH = YES;
				CODE_SIGN_IDENTITY = "iPhone Developer";
				COPY_PHASE_STRIP = NO;
				DEBUG_INFORMATION_FORMAT = "dwarf-with-dsym";
				ENABLE_NS_ASSERTIONS = NO;
				ENABLE_STRICT_OBJC_MSGSEND = YES;
				GCC_C_LANGUAGE_STANDARD = gnu11;
				GCC_NO_COMMON_BLOCKS = YES;
				GCC_WARN_64_TO_32_BIT_CONVERSION = YES;
				GCC_WARN_ABOUT_RETURN_TYPE = YES_ERROR;
				GCC_WARN_UNDECLARED_SELECTOR = YES;
				GCC_WARN_UNINITIALIZED_AUTOS = YES_AGGRESSIVE;
				GCC_WARN_UNUSED_FUNCTION = YES;
				GCC_WARN_UNUSED_VARIABLE = YES;
				IPHONEOS_DEPLOYMENT_TARGET = 11.4;
				MTL_ENABLE_DEBUG_INFO = NO;
				SDKROOT = iphoneos;
				SWIFT_COMPILATION_MODE = wholemodule;
				SWIFT_OPTIMIZATION_LEVEL = "-O";
				VALIDATE_PRODUCT = YES;
			};
			name = Release;
		};
		751D6EAB212A249300065AAC /* Debug */ = {
			isa = XCBuildConfiguration;
			buildSettings = {
				ASSETCATALOG_COMPILER_APPICON_NAME = AppIcon;
				CODE_SIGN_STYLE = Automatic;
				DEVELOPMENT_TEAM = 5AQ2VR4HU3;
				INFOPLIST_FILE = SuperSenha/Info.plist;
				IPHONEOS_DEPLOYMENT_TARGET = 10.3;
				LD_RUNPATH_SEARCH_PATHS = (
					"$(inherited)",
					"@executable_path/Frameworks",
				);
				PRODUCT_BUNDLE_IDENTIFIER = "lhdev.ios-icloud.com.SuperSenha";
				PRODUCT_NAME = "$(TARGET_NAME)";
				SWIFT_VERSION = 4.0;
				TARGETED_DEVICE_FAMILY = 1;
			};
			name = Debug;
		};
		751D6EAC212A249300065AAC /* Release */ = {
			isa = XCBuildConfiguration;
			buildSettings = {
				ASSETCATALOG_COMPILER_APPICON_NAME = AppIcon;
				CODE_SIGN_STYLE = Automatic;
				DEVELOPMENT_TEAM = 5AQ2VR4HU3;
				INFOPLIST_FILE = SuperSenha/Info.plist;
				IPHONEOS_DEPLOYMENT_TARGET = 10.3;
				LD_RUNPATH_SEARCH_PATHS = (
					"$(inherited)",
					"@executable_path/Frameworks",
				);
				PRODUCT_BUNDLE_IDENTIFIER = "lhdev.ios-icloud.com.SuperSenha";
				PRODUCT_NAME = "$(TARGET_NAME)";
				SWIFT_VERSION = 4.0;
				TARGETED_DEVICE_FAMILY = 1;
			};
			name = Release;
		};
/* End XCBuildConfiguration section */

/* Begin XCConfigurationList section */
		751D6E93212A249200065AAC /* Build configuration list for PBXProject "SuperSenha" */ = {
			isa = XCConfigurationList;
			buildConfigurations = (
				751D6EA8212A249300065AAC /* Debug */,
				751D6EA9212A249300065AAC /* Release */,
			);
			defaultConfigurationIsVisible = 0;
			defaultConfigurationName = Release;
		};
		751D6EAA212A249300065AAC /* Build configuration list for PBXNativeTarget "SuperSenha" */ = {
			isa = XCConfigurationList;
			buildConfigurations = (
				751D6EAB212A249300065AAC /* Debug */,
				751D6EAC212A249300065AAC /* Release */,
			);
			defaultConfigurationIsVisible = 0;
			defaultConfigurationName = Release;
		};
/* End XCConfigurationList section */
	};
	rootObject = 751D6E90212A249200065AAC /* Project object */;
}
